// !$*UTF8*$!
{
	archiveVersion = 1;
	classes = {
	};
	objectVersion = 50;
	objects = {

/* Begin PBXBuildFile section */
		8C6433652583A1100020F386 /* RepositoryCell.swift in Sources */ = {isa = PBXBuildFile; fileRef = 8C6433642583A1100020F386 /* RepositoryCell.swift */; };
		8C64336B2583A6840020F386 /* ImageDownloader.swift in Sources */ = {isa = PBXBuildFile; fileRef = 8C64336A2583A6840020F386 /* ImageDownloader.swift */; };
		8C6433742583A90B0020F386 /* UIViewExtension.swift in Sources */ = {isa = PBXBuildFile; fileRef = 8C6433732583A90B0020F386 /* UIViewExtension.swift */; };
		8C64337C2583B2100020F386 /* DateUtils.swift in Sources */ = {isa = PBXBuildFile; fileRef = 8C64337B2583B2100020F386 /* DateUtils.swift */; };
		8C64338A2583E6700020F386 /* RepositoryDetailsController.swift in Sources */ = {isa = PBXBuildFile; fileRef = 8C6433892583E6700020F386 /* RepositoryDetailsController.swift */; };
		8C6433982583EA310020F386 /* Owner.m in Sources */ = {isa = PBXBuildFile; fileRef = 8C6433972583EA310020F386 /* Owner.m */; };
		8C64339E2583EAE50020F386 /* Repository.m in Sources */ = {isa = PBXBuildFile; fileRef = 8C64339D2583EAE50020F386 /* Repository.m */; };
		8C6433BF258513150020F386 /* ListPresenterTests.swift in Sources */ = {isa = PBXBuildFile; fileRef = 8C6433BE258513150020F386 /* ListPresenterTests.swift */; };
		8C7D3E79258186B100EC3259 /* AppDelegate.swift in Sources */ = {isa = PBXBuildFile; fileRef = 8C7D3E78258186B100EC3259 /* AppDelegate.swift */; };
		8C7D3E7B258186B100EC3259 /* SceneDelegate.swift in Sources */ = {isa = PBXBuildFile; fileRef = 8C7D3E7A258186B100EC3259 /* SceneDelegate.swift */; };
		8C7D3E7D258186B100EC3259 /* ListViewController.swift in Sources */ = {isa = PBXBuildFile; fileRef = 8C7D3E7C258186B100EC3259 /* ListViewController.swift */; };
		8C7D3E80258186B100EC3259 /* Main.storyboard in Resources */ = {isa = PBXBuildFile; fileRef = 8C7D3E7E258186B100EC3259 /* Main.storyboard */; };
		8C7D3E82258186B600EC3259 /* Assets.xcassets in Resources */ = {isa = PBXBuildFile; fileRef = 8C7D3E81258186B600EC3259 /* Assets.xcassets */; };
		8C7D3E85258186B600EC3259 /* LaunchScreen.storyboard in Resources */ = {isa = PBXBuildFile; fileRef = 8C7D3E83258186B600EC3259 /* LaunchScreen.storyboard */; };
		8C7D3E90258186B700EC3259 /* ListViewControllerTests.swift in Sources */ = {isa = PBXBuildFile; fileRef = 8C7D3E8F258186B700EC3259 /* ListViewControllerTests.swift */; };
		8C7D3E9B258186B700EC3259 /* GithubDemoAppUITests.swift in Sources */ = {isa = PBXBuildFile; fileRef = 8C7D3E9A258186B700EC3259 /* GithubDemoAppUITests.swift */; };
		8C7D3EC025818AD800EC3259 /* NetworkManager.m in Sources */ = {isa = PBXBuildFile; fileRef = 8C7D3EBF25818AD800EC3259 /* NetworkManager.m */; };
		8C7D3EF025819D9100EC3259 /* ListViewPresenter.swift in Sources */ = {isa = PBXBuildFile; fileRef = 8C7D3EEF25819D9100EC3259 /* ListViewPresenter.swift */; };
		8C7D3EF525819DA800EC3259 /* ListViewDelegate.swift in Sources */ = {isa = PBXBuildFile; fileRef = 8C7D3EF425819DA800EC3259 /* ListViewDelegate.swift */; };
/* End PBXBuildFile section */

/* Begin PBXContainerItemProxy section */
		8C7D3E8C258186B700EC3259 /* PBXContainerItemProxy */ = {
			isa = PBXContainerItemProxy;
			containerPortal = 8C7D3E6D258186B100EC3259 /* Project object */;
			proxyType = 1;
			remoteGlobalIDString = 8C7D3E74258186B100EC3259;
			remoteInfo = GithubDemoApp;
		};
		8C7D3E97258186B700EC3259 /* PBXContainerItemProxy */ = {
			isa = PBXContainerItemProxy;
			containerPortal = 8C7D3E6D258186B100EC3259 /* Project object */;
			proxyType = 1;
			remoteGlobalIDString = 8C7D3E74258186B100EC3259;
			remoteInfo = GithubDemoApp;
		};
/* End PBXContainerItemProxy section */

/* Begin PBXFileReference section */
		8C6433642583A1100020F386 /* RepositoryCell.swift */ = {isa = PBXFileReference; lastKnownFileType = sourcecode.swift; path = RepositoryCell.swift; sourceTree = "<group>"; };
		8C64336A2583A6840020F386 /* ImageDownloader.swift */ = {isa = PBXFileReference; lastKnownFileType = sourcecode.swift; path = ImageDownloader.swift; sourceTree = "<group>"; };
		8C6433732583A90B0020F386 /* UIViewExtension.swift */ = {isa = PBXFileReference; lastKnownFileType = sourcecode.swift; path = UIViewExtension.swift; sourceTree = "<group>"; };
		8C64337B2583B2100020F386 /* DateUtils.swift */ = {isa = PBXFileReference; lastKnownFileType = sourcecode.swift; path = DateUtils.swift; sourceTree = "<group>"; };
		8C6433892583E6700020F386 /* RepositoryDetailsController.swift */ = {isa = PBXFileReference; lastKnownFileType = sourcecode.swift; path = RepositoryDetailsController.swift; sourceTree = "<group>"; };
		8C6433972583EA310020F386 /* Owner.m */ = {isa = PBXFileReference; lastKnownFileType = sourcecode.c.objc; path = Owner.m; sourceTree = "<group>"; };
		8C64339C2583EA3D0020F386 /* Owner.h */ = {isa = PBXFileReference; lastKnownFileType = sourcecode.c.h; path = Owner.h; sourceTree = "<group>"; };
		8C64339D2583EAE50020F386 /* Repository.m */ = {isa = PBXFileReference; lastKnownFileType = sourcecode.c.objc; path = Repository.m; sourceTree = "<group>"; };
		8C6433A22583EAEF0020F386 /* Repository.h */ = {isa = PBXFileReference; lastKnownFileType = sourcecode.c.h; path = Repository.h; sourceTree = "<group>"; };
		8C6433BE258513150020F386 /* ListPresenterTests.swift */ = {isa = PBXFileReference; lastKnownFileType = sourcecode.swift; path = ListPresenterTests.swift; sourceTree = "<group>"; };
		8C6433D725855B2E0020F386 /* NetworkProtocol.h */ = {isa = PBXFileReference; lastKnownFileType = sourcecode.c.h; path = NetworkProtocol.h; sourceTree = "<group>"; };
		8C7D3E75258186B100EC3259 /* GithubDemoApp.app */ = {isa = PBXFileReference; explicitFileType = wrapper.application; includeInIndex = 0; path = GithubDemoApp.app; sourceTree = BUILT_PRODUCTS_DIR; };
		8C7D3E78258186B100EC3259 /* AppDelegate.swift */ = {isa = PBXFileReference; lastKnownFileType = sourcecode.swift; path = AppDelegate.swift; sourceTree = "<group>"; };
		8C7D3E7A258186B100EC3259 /* SceneDelegate.swift */ = {isa = PBXFileReference; lastKnownFileType = sourcecode.swift; path = SceneDelegate.swift; sourceTree = "<group>"; };
		8C7D3E7C258186B100EC3259 /* ListViewController.swift */ = {isa = PBXFileReference; lastKnownFileType = sourcecode.swift; path = ListViewController.swift; sourceTree = "<group>"; };
		8C7D3E7F258186B100EC3259 /* Base */ = {isa = PBXFileReference; lastKnownFileType = file.storyboard; name = Base; path = Base.lproj/Main.storyboard; sourceTree = "<group>"; };
		8C7D3E81258186B600EC3259 /* Assets.xcassets */ = {isa = PBXFileReference; lastKnownFileType = folder.assetcatalog; path = Assets.xcassets; sourceTree = "<group>"; };
		8C7D3E84258186B600EC3259 /* Base */ = {isa = PBXFileReference; lastKnownFileType = file.storyboard; name = Base; path = Base.lproj/LaunchScreen.storyboard; sourceTree = "<group>"; };
		8C7D3E86258186B600EC3259 /* Info.plist */ = {isa = PBXFileReference; lastKnownFileType = text.plist.xml; path = Info.plist; sourceTree = "<group>"; };
		8C7D3E8B258186B700EC3259 /* GithubDemoAppTests.xctest */ = {isa = PBXFileReference; explicitFileType = wrapper.cfbundle; includeInIndex = 0; path = GithubDemoAppTests.xctest; sourceTree = BUILT_PRODUCTS_DIR; };
		8C7D3E8F258186B700EC3259 /* ListViewControllerTests.swift */ = {isa = PBXFileReference; lastKnownFileType = sourcecode.swift; path = ListViewControllerTests.swift; sourceTree = "<group>"; };
		8C7D3E91258186B700EC3259 /* Info.plist */ = {isa = PBXFileReference; lastKnownFileType = text.plist.xml; path = Info.plist; sourceTree = "<group>"; };
		8C7D3E96258186B700EC3259 /* GithubDemoAppUITests.xctest */ = {isa = PBXFileReference; explicitFileType = wrapper.cfbundle; includeInIndex = 0; path = GithubDemoAppUITests.xctest; sourceTree = BUILT_PRODUCTS_DIR; };
		8C7D3E9A258186B700EC3259 /* GithubDemoAppUITests.swift */ = {isa = PBXFileReference; lastKnownFileType = sourcecode.swift; path = GithubDemoAppUITests.swift; sourceTree = "<group>"; };
		8C7D3E9C258186B700EC3259 /* Info.plist */ = {isa = PBXFileReference; lastKnownFileType = text.plist.xml; path = Info.plist; sourceTree = "<group>"; };
		8C7D3EB22581883F00EC3259 /* GithubDemoApp-Bridging-Header.h */ = {isa = PBXFileReference; lastKnownFileType = sourcecode.c.h; path = "GithubDemoApp-Bridging-Header.h"; sourceTree = "<group>"; };
		8C7D3EBF25818AD800EC3259 /* NetworkManager.m */ = {isa = PBXFileReference; lastKnownFileType = sourcecode.c.objc; path = NetworkManager.m; sourceTree = "<group>"; };
		8C7D3EC425818B0B00EC3259 /* NetworkManager.h */ = {isa = PBXFileReference; lastKnownFileType = sourcecode.c.h; path = NetworkManager.h; sourceTree = "<group>"; };
		8C7D3EEF25819D9100EC3259 /* ListViewPresenter.swift */ = {isa = PBXFileReference; lastKnownFileType = sourcecode.swift; path = ListViewPresenter.swift; sourceTree = "<group>"; };
		8C7D3EF425819DA800EC3259 /* ListViewDelegate.swift */ = {isa = PBXFileReference; lastKnownFileType = sourcecode.swift; path = ListViewDelegate.swift; sourceTree = "<group>"; };
/* End PBXFileReference section */

/* Begin PBXFrameworksBuildPhase section */
		8C7D3E72258186B100EC3259 /* Frameworks */ = {
			isa = PBXFrameworksBuildPhase;
			buildActionMask = 2147483647;
			files = (
			);
			runOnlyForDeploymentPostprocessing = 0;
		};
		8C7D3E88258186B700EC3259 /* Frameworks */ = {
			isa = PBXFrameworksBuildPhase;
			buildActionMask = 2147483647;
			files = (
			);
			runOnlyForDeploymentPostprocessing = 0;
		};
		8C7D3E93258186B700EC3259 /* Frameworks */ = {
			isa = PBXFrameworksBuildPhase;
			buildActionMask = 2147483647;
			files = (
			);
			runOnlyForDeploymentPostprocessing = 0;
		};
/* End PBXFrameworksBuildPhase section */

/* Begin PBXGroup section */
		8C6433692583A66F0020F386 /* Utils */ = {
			isa = PBXGroup;
			children = (
				8C64336A2583A6840020F386 /* ImageDownloader.swift */,
				8C64337B2583B2100020F386 /* DateUtils.swift */,
			);
			path = Utils;
			sourceTree = "<group>";
		};
		8C6433722583A8F90020F386 /* Extensions */ = {
			isa = PBXGroup;
			children = (
				8C6433732583A90B0020F386 /* UIViewExtension.swift */,
			);
			path = Extensions;
			sourceTree = "<group>";
		};
		8C6433852583E60B0020F386 /* RepositoryDetails */ = {
			isa = PBXGroup;
			children = (
				8C6433892583E6700020F386 /* RepositoryDetailsController.swift */,
			);
			path = RepositoryDetails;
			sourceTree = "<group>";
		};
		8C7D3E6C258186B100EC3259 = {
			isa = PBXGroup;
			children = (
				8C7D3E77258186B100EC3259 /* GithubDemoApp */,
				8C7D3E8E258186B700EC3259 /* GithubDemoAppTests */,
				8C7D3E99258186B700EC3259 /* GithubDemoAppUITests */,
				8C7D3E76258186B100EC3259 /* Products */,
			);
			sourceTree = "<group>";
		};
		8C7D3E76258186B100EC3259 /* Products */ = {
			isa = PBXGroup;
			children = (
				8C7D3E75258186B100EC3259 /* GithubDemoApp.app */,
				8C7D3E8B258186B700EC3259 /* GithubDemoAppTests.xctest */,
				8C7D3E96258186B700EC3259 /* GithubDemoAppUITests.xctest */,
			);
			name = Products;
			sourceTree = "<group>";
		};
		8C7D3E77258186B100EC3259 /* GithubDemoApp */ = {
			isa = PBXGroup;
			children = (
				8C6433722583A8F90020F386 /* Extensions */,
				8C6433692583A66F0020F386 /* Utils */,
				8C7D3EEB25819D1600EC3259 /* StoryBoards */,
				8C7D3EEA25819D0600EC3259 /* Views */,
				8C7D3ED62581926700EC3259 /* Models */,
				8C7D3EE925819CF100EC3259 /* Presenters */,
				8C7D3EB12581877200EC3259 /* NetworkLayer */,
				8C7D3EB22581883F00EC3259 /* GithubDemoApp-Bridging-Header.h */,
				8C7D3E78258186B100EC3259 /* AppDelegate.swift */,
				8C7D3E7A258186B100EC3259 /* SceneDelegate.swift */,
				8C7D3E81258186B600EC3259 /* Assets.xcassets */,
				8C7D3E86258186B600EC3259 /* Info.plist */,
			);
			path = GithubDemoApp;
			sourceTree = "<group>";
		};
		8C7D3E8E258186B700EC3259 /* GithubDemoAppTests */ = {
			isa = PBXGroup;
			children = (
				8C6433BE258513150020F386 /* ListPresenterTests.swift */,
				8C7D3E8F258186B700EC3259 /* ListViewControllerTests.swift */,
				8C7D3E91258186B700EC3259 /* Info.plist */,
			);
			path = GithubDemoAppTests;
			sourceTree = "<group>";
		};
		8C7D3E99258186B700EC3259 /* GithubDemoAppUITests */ = {
			isa = PBXGroup;
			children = (
				8C7D3E9A258186B700EC3259 /* GithubDemoAppUITests.swift */,
				8C7D3E9C258186B700EC3259 /* Info.plist */,
			);
			path = GithubDemoAppUITests;
			sourceTree = "<group>";
		};
		8C7D3EB12581877200EC3259 /* NetworkLayer */ = {
			isa = PBXGroup;
			children = (
				8C7D3EBF25818AD800EC3259 /* NetworkManager.m */,
				8C7D3EC425818B0B00EC3259 /* NetworkManager.h */,
				8C6433D725855B2E0020F386 /* NetworkProtocol.h */,
			);
			path = NetworkLayer;
			sourceTree = "<group>";
		};
		8C7D3ED62581926700EC3259 /* Models */ = {
			isa = PBXGroup;
			children = (
				8C6433972583EA310020F386 /* Owner.m */,
				8C64339C2583EA3D0020F386 /* Owner.h */,
				8C64339D2583EAE50020F386 /* Repository.m */,
				8C6433A22583EAEF0020F386 /* Repository.h */,
			);
			path = Models;
			sourceTree = "<group>";
		};
		8C7D3EE925819CF100EC3259 /* Presenters */ = {
			isa = PBXGroup;
			children = (
				8C7D3EEF25819D9100EC3259 /* ListViewPresenter.swift */,
			);
			path = Presenters;
			sourceTree = "<group>";
		};
		8C7D3EEA25819D0600EC3259 /* Views */ = {
			isa = PBXGroup;
			children = (
				8C6433852583E60B0020F386 /* RepositoryDetails */,
				8C7D3EF925819DB300EC3259 /* RepositoriesList */,
			);
			path = Views;
			sourceTree = "<group>";
		};
		8C7D3EEB25819D1600EC3259 /* StoryBoards */ = {
			isa = PBXGroup;
			children = (
				8C7D3E7E258186B100EC3259 /* Main.storyboard */,
				8C7D3E83258186B600EC3259 /* LaunchScreen.storyboard */,
			);
			path = StoryBoards;
			sourceTree = "<group>";
		};
		8C7D3EF925819DB300EC3259 /* RepositoriesList */ = {
			isa = PBXGroup;
			children = (
				8C7D3E7C258186B100EC3259 /* ListViewController.swift */,
				8C7D3EF425819DA800EC3259 /* ListViewDelegate.swift */,
				8C6433642583A1100020F386 /* RepositoryCell.swift */,
			);
			path = RepositoriesList;
			sourceTree = "<group>";
		};
/* End PBXGroup section */

/* Begin PBXNativeTarget section */
		8C7D3E74258186B100EC3259 /* GithubDemoApp */ = {
			isa = PBXNativeTarget;
			buildConfigurationList = 8C7D3E9F258186B700EC3259 /* Build configuration list for PBXNativeTarget "GithubDemoApp" */;
			buildPhases = (
				8C7D3E71258186B100EC3259 /* Sources */,
				8C7D3E72258186B100EC3259 /* Frameworks */,
				8C7D3E73258186B100EC3259 /* Resources */,
			);
			buildRules = (
			);
			dependencies = (
			);
			name = GithubDemoApp;
			productName = GithubDemoApp;
			productReference = 8C7D3E75258186B100EC3259 /* GithubDemoApp.app */;
			productType = "com.apple.product-type.application";
		};
		8C7D3E8A258186B700EC3259 /* GithubDemoAppTests */ = {
			isa = PBXNativeTarget;
			buildConfigurationList = 8C7D3EA2258186B700EC3259 /* Build configuration list for PBXNativeTarget "GithubDemoAppTests" */;
			buildPhases = (
				8C7D3E87258186B700EC3259 /* Sources */,
				8C7D3E88258186B700EC3259 /* Frameworks */,
				8C7D3E89258186B700EC3259 /* Resources */,
			);
			buildRules = (
			);
			dependencies = (
				8C7D3E8D258186B700EC3259 /* PBXTargetDependency */,
			);
			name = GithubDemoAppTests;
			productName = GithubDemoAppTests;
			productReference = 8C7D3E8B258186B700EC3259 /* GithubDemoAppTests.xctest */;
			productType = "com.apple.product-type.bundle.unit-test";
		};
		8C7D3E95258186B700EC3259 /* GithubDemoAppUITests */ = {
			isa = PBXNativeTarget;
			buildConfigurationList = 8C7D3EA5258186B700EC3259 /* Build configuration list for PBXNativeTarget "GithubDemoAppUITests" */;
			buildPhases = (
				8C7D3E92258186B700EC3259 /* Sources */,
				8C7D3E93258186B700EC3259 /* Frameworks */,
				8C7D3E94258186B700EC3259 /* Resources */,
			);
			buildRules = (
			);
			dependencies = (
				8C7D3E98258186B700EC3259 /* PBXTargetDependency */,
			);
			name = GithubDemoAppUITests;
			productName = GithubDemoAppUITests;
			productReference = 8C7D3E96258186B700EC3259 /* GithubDemoAppUITests.xctest */;
			productType = "com.apple.product-type.bundle.ui-testing";
		};
/* End PBXNativeTarget section */

/* Begin PBXProject section */
		8C7D3E6D258186B100EC3259 /* Project object */ = {
			isa = PBXProject;
			attributes = {
				LastSwiftUpdateCheck = 1220;
				LastUpgradeCheck = 1220;
				TargetAttributes = {
					8C7D3E74258186B100EC3259 = {
						CreatedOnToolsVersion = 12.2;
						LastSwiftMigration = 1220;
					};
					8C7D3E8A258186B700EC3259 = {
						CreatedOnToolsVersion = 12.2;
						TestTargetID = 8C7D3E74258186B100EC3259;
					};
					8C7D3E95258186B700EC3259 = {
						CreatedOnToolsVersion = 12.2;
						TestTargetID = 8C7D3E74258186B100EC3259;
					};
				};
			};
			buildConfigurationList = 8C7D3E70258186B100EC3259 /* Build configuration list for PBXProject "GithubDemoApp" */;
			compatibilityVersion = "Xcode 9.3";
			developmentRegion = en;
			hasScannedForEncodings = 0;
			knownRegions = (
				en,
				Base,
			);
			mainGroup = 8C7D3E6C258186B100EC3259;
			productRefGroup = 8C7D3E76258186B100EC3259 /* Products */;
			projectDirPath = "";
			projectRoot = "";
			targets = (
				8C7D3E74258186B100EC3259 /* GithubDemoApp */,
				8C7D3E8A258186B700EC3259 /* GithubDemoAppTests */,
				8C7D3E95258186B700EC3259 /* GithubDemoAppUITests */,
			);
		};
/* End PBXProject section */

/* Begin PBXResourcesBuildPhase section */
		8C7D3E73258186B100EC3259 /* Resources */ = {
			isa = PBXResourcesBuildPhase;
			buildActionMask = 2147483647;
			files = (
				8C7D3E85258186B600EC3259 /* LaunchScreen.storyboard in Resources */,
				8C7D3E82258186B600EC3259 /* Assets.xcassets in Resources */,
				8C7D3E80258186B100EC3259 /* Main.storyboard in Resources */,
			);
			runOnlyForDeploymentPostprocessing = 0;
		};
		8C7D3E89258186B700EC3259 /* Resources */ = {
			isa = PBXResourcesBuildPhase;
			buildActionMask = 2147483647;
			files = (
			);
			runOnlyForDeploymentPostprocessing = 0;
		};
		8C7D3E94258186B700EC3259 /* Resources */ = {
			isa = PBXResourcesBuildPhase;
			buildActionMask = 2147483647;
			files = (
			);
			runOnlyForDeploymentPostprocessing = 0;
		};
/* End PBXResourcesBuildPhase section */

/* Begin PBXSourcesBuildPhase section */
		8C7D3E71258186B100EC3259 /* Sources */ = {
			isa = PBXSourcesBuildPhase;
			buildActionMask = 2147483647;
			files = (
				8C64337C2583B2100020F386 /* DateUtils.swift in Sources */,
				8C6433742583A90B0020F386 /* UIViewExtension.swift in Sources */,
				8C64338A2583E6700020F386 /* RepositoryDetailsController.swift in Sources */,
				8C7D3EC025818AD800EC3259 /* NetworkManager.m in Sources */,
				8C7D3E7D258186B100EC3259 /* ListViewController.swift in Sources */,
				8C7D3E79258186B100EC3259 /* AppDelegate.swift in Sources */,
				8C7D3EF025819D9100EC3259 /* ListViewPresenter.swift in Sources */,
				8C7D3E7B258186B100EC3259 /* SceneDelegate.swift in Sources */,
				8C7D3EF525819DA800EC3259 /* ListViewDelegate.swift in Sources */,
				8C6433982583EA310020F386 /* Owner.m in Sources */,
				8C64336B2583A6840020F386 /* ImageDownloader.swift in Sources */,
				8C6433652583A1100020F386 /* RepositoryCell.swift in Sources */,
				8C64339E2583EAE50020F386 /* Repository.m in Sources */,
			);
			runOnlyForDeploymentPostprocessing = 0;
		};
		8C7D3E87258186B700EC3259 /* Sources */ = {
			isa = PBXSourcesBuildPhase;
			buildActionMask = 2147483647;
			files = (
				8C6433BF258513150020F386 /* ListPresenterTests.swift in Sources */,
				8C7D3E90258186B700EC3259 /* ListViewControllerTests.swift in Sources */,
			);
			runOnlyForDeploymentPostprocessing = 0;
		};
		8C7D3E92258186B700EC3259 /* Sources */ = {
			isa = PBXSourcesBuildPhase;
			buildActionMask = 2147483647;
			files = (
				8C7D3E9B258186B700EC3259 /* GithubDemoAppUITests.swift in Sources */,
			);
			runOnlyForDeploymentPostprocessing = 0;
		};
/* End PBXSourcesBuildPhase section */

/* Begin PBXTargetDependency section */
		8C7D3E8D258186B700EC3259 /* PBXTargetDependency */ = {
			isa = PBXTargetDependency;
			target = 8C7D3E74258186B100EC3259 /* GithubDemoApp */;
			targetProxy = 8C7D3E8C258186B700EC3259 /* PBXContainerItemProxy */;
		};
		8C7D3E98258186B700EC3259 /* PBXTargetDependency */ = {
			isa = PBXTargetDependency;
			target = 8C7D3E74258186B100EC3259 /* GithubDemoApp */;
			targetProxy = 8C7D3E97258186B700EC3259 /* PBXContainerItemProxy */;
		};
/* End PBXTargetDependency section */

/* Begin PBXVariantGroup section */
		8C7D3E7E258186B100EC3259 /* Main.storyboard */ = {
			isa = PBXVariantGroup;
			children = (
				8C7D3E7F258186B100EC3259 /* Base */,
			);
			name = Main.storyboard;
			sourceTree = "<group>";
		};
		8C7D3E83258186B600EC3259 /* LaunchScreen.storyboard */ = {
			isa = PBXVariantGroup;
			children = (
				8C7D3E84258186B600EC3259 /* Base */,
			);
			name = LaunchScreen.storyboard;
			sourceTree = "<group>";
		};
/* End PBXVariantGroup section */

/* Begin XCBuildConfiguration section */
		8C7D3E9D258186B700EC3259 /* Debug */ = {
			isa = XCBuildConfiguration;
			buildSettings = {
				ALWAYS_SEARCH_USER_PATHS = NO;
				CLANG_ANALYZER_NONNULL = YES;
				CLANG_ANALYZER_NUMBER_OBJECT_CONVERSION = YES_AGGRESSIVE;
				CLANG_CXX_LANGUAGE_STANDARD = "gnu++14";
				CLANG_CXX_LIBRARY = "libc++";
				CLANG_ENABLE_MODULES = YES;
				CLANG_ENABLE_OBJC_ARC = YES;
				CLANG_ENABLE_OBJC_WEAK = YES;
				CLANG_WARN_BLOCK_CAPTURE_AUTORELEASING = YES;
				CLANG_WARN_BOOL_CONVERSION = YES;
				CLANG_WARN_COMMA = YES;
				CLANG_WARN_CONSTANT_CONVERSION = YES;
				CLANG_WARN_DEPRECATED_OBJC_IMPLEMENTATIONS = YES;
				CLANG_WARN_DIRECT_OBJC_ISA_USAGE = YES_ERROR;
				CLANG_WARN_DOCUMENTATION_COMMENTS = YES;
				CLANG_WARN_EMPTY_BODY = YES;
				CLANG_WARN_ENUM_CONVERSION = YES;
				CLANG_WARN_INFINITE_RECURSION = YES;
				CLANG_WARN_INT_CONVERSION = YES;
				CLANG_WARN_NON_LITERAL_NULL_CONVERSION = YES;
				CLANG_WARN_OBJC_IMPLICIT_RETAIN_SELF = YES;
				CLANG_WARN_OBJC_LITERAL_CONVERSION = YES;
				CLANG_WARN_OBJC_ROOT_CLASS = YES_ERROR;
				CLANG_WARN_QUOTED_INCLUDE_IN_FRAMEWORK_HEADER = YES;
				CLANG_WARN_RANGE_LOOP_ANALYSIS = YES;
				CLANG_WARN_STRICT_PROTOTYPES = YES;
				CLANG_WARN_SUSPICIOUS_MOVE = YES;
				CLANG_WARN_UNGUARDED_AVAILABILITY = YES_AGGRESSIVE;
				CLANG_WARN_UNREACHABLE_CODE = YES;
				CLANG_WARN__DUPLICATE_METHOD_MATCH = YES;
				COPY_PHASE_STRIP = NO;
				DEBUG_INFORMATION_FORMAT = dwarf;
				ENABLE_STRICT_OBJC_MSGSEND = YES;
				ENABLE_TESTABILITY = YES;
				GCC_C_LANGUAGE_STANDARD = gnu11;
				GCC_DYNAMIC_NO_PIC = NO;
				GCC_NO_COMMON_BLOCKS = YES;
				GCC_OPTIMIZATION_LEVEL = 0;
				GCC_PREPROCESSOR_DEFINITIONS = (
					"DEBUG=1",
					"$(inherited)",
				);
				GCC_WARN_64_TO_32_BIT_CONVERSION = YES;
				GCC_WARN_ABOUT_RETURN_TYPE = YES_ERROR;
				GCC_WARN_UNDECLARED_SELECTOR = YES;
				GCC_WARN_UNINITIALIZED_AUTOS = YES_AGGRESSIVE;
				GCC_WARN_UNUSED_FUNCTION = YES;
				GCC_WARN_UNUSED_VARIABLE = YES;
				IPHONEOS_DEPLOYMENT_TARGET = 13.0;
				MTL_ENABLE_DEBUG_INFO = INCLUDE_SOURCE;
				MTL_FAST_MATH = YES;
				ONLY_ACTIVE_ARCH = YES;
				SDKROOT = iphoneos;
				SWIFT_ACTIVE_COMPILATION_CONDITIONS = DEBUG;
				SWIFT_OPTIMIZATION_LEVEL = "-Onone";
			};
			name = Debug;
		};
		8C7D3E9E258186B700EC3259 /* Release */ = {
			isa = XCBuildConfiguration;
			buildSettings = {
				ALWAYS_SEARCH_USER_PATHS = NO;
				CLANG_ANALYZER_NONNULL = YES;
				CLANG_ANALYZER_NUMBER_OBJECT_CONVERSION = YES_AGGRESSIVE;
				CLANG_CXX_LANGUAGE_STANDARD = "gnu++14";
				CLANG_CXX_LIBRARY = "libc++";
				CLANG_ENABLE_MODULES = YES;
				CLANG_ENABLE_OBJC_ARC = YES;
				CLANG_ENABLE_OBJC_WEAK = YES;
				CLANG_WARN_BLOCK_CAPTURE_AUTORELEASING = YES;
				CLANG_WARN_BOOL_CONVERSION = YES;
				CLANG_WARN_COMMA = YES;
				CLANG_WARN_CONSTANT_CONVERSION = YES;
				CLANG_WARN_DEPRECATED_OBJC_IMPLEMENTATIONS = YES;
				CLANG_WARN_DIRECT_OBJC_ISA_USAGE = YES_ERROR;
				CLANG_WARN_DOCUMENTATION_COMMENTS = YES;
				CLANG_WARN_EMPTY_BODY = YES;
				CLANG_WARN_ENUM_CONVERSION = YES;
				CLANG_WARN_INFINITE_RECURSION = YES;
				CLANG_WARN_INT_CONVERSION = YES;
				CLANG_WARN_NON_LITERAL_NULL_CONVERSION = YES;
				CLANG_WARN_OBJC_IMPLICIT_RETAIN_SELF = YES;
				CLANG_WARN_OBJC_LITERAL_CONVERSION = YES;
				CLANG_WARN_OBJC_ROOT_CLASS = YES_ERROR;
				CLANG_WARN_QUOTED_INCLUDE_IN_FRAMEWORK_HEADER = YES;
				CLANG_WARN_RANGE_LOOP_ANALYSIS = YES;
				CLANG_WARN_STRICT_PROTOTYPES = YES;
				CLANG_WARN_SUSPICIOUS_MOVE = YES;
				CLANG_WARN_UNGUARDED_AVAILABILITY = YES_AGGRESSIVE;
				CLANG_WARN_UNREACHABLE_CODE = YES;
				CLANG_WARN__DUPLICATE_METHOD_MATCH = YES;
				COPY_PHASE_STRIP = NO;
				DEBUG_INFORMATION_FORMAT = "dwarf-with-dsym";
				ENABLE_NS_ASSERTIONS = NO;
				ENABLE_STRICT_OBJC_MSGSEND = YES;
				GCC_C_LANGUAGE_STANDARD = gnu11;
				GCC_NO_COMMON_BLOCKS = YES;
				GCC_WARN_64_TO_32_BIT_CONVERSION = YES;
				GCC_WARN_ABOUT_RETURN_TYPE = YES_ERROR;
				GCC_WARN_UNDECLARED_SELECTOR = YES;
				GCC_WARN_UNINITIALIZED_AUTOS = YES_AGGRESSIVE;
				GCC_WARN_UNUSED_FUNCTION = YES;
				GCC_WARN_UNUSED_VARIABLE = YES;
				IPHONEOS_DEPLOYMENT_TARGET = 13.0;
				MTL_ENABLE_DEBUG_INFO = NO;
				MTL_FAST_MATH = YES;
				SDKROOT = iphoneos;
				SWIFT_COMPILATION_MODE = wholemodule;
				SWIFT_OPTIMIZATION_LEVEL = "-O";
				VALIDATE_PRODUCT = YES;
			};
			name = Release;
		};
		8C7D3EA0258186B700EC3259 /* Debug */ = {
			isa = XCBuildConfiguration;
			buildSettings = {
				ASSETCATALOG_COMPILER_APPICON_NAME = AppIcon;
				ASSETCATALOG_COMPILER_GLOBAL_ACCENT_COLOR_NAME = AccentColor;
				CLANG_ENABLE_MODULES = YES;
				CODE_SIGN_STYLE = Automatic;
				DEVELOPMENT_TEAM = US5UB6GPR7;
				INFOPLIST_FILE = GithubDemoApp/Info.plist;
				LD_RUNPATH_SEARCH_PATHS = (
					"$(inherited)",
					"@executable_path/Frameworks",
				);
				PRODUCT_BUNDLE_IDENTIFIER = Ahmed.GithubDemoApp;
				PRODUCT_NAME = "$(TARGET_NAME)";
				SWIFT_OBJC_BRIDGING_HEADER = "GithubDemoApp/GithubDemoApp-Bridging-Header.h";
				SWIFT_OPTIMIZATION_LEVEL = "-Onone";
				SWIFT_VERSION = 5.0;
				TARGETED_DEVICE_FAMILY = "1,2";
			};
			name = Debug;
		};
		8C7D3EA1258186B700EC3259 /* Release */ = {
			isa = XCBuildConfiguration;
			buildSettings = {
				ASSETCATALOG_COMPILER_APPICON_NAME = AppIcon;
				ASSETCATALOG_COMPILER_GLOBAL_ACCENT_COLOR_NAME = AccentColor;
				CLANG_ENABLE_MODULES = YES;
				CODE_SIGN_STYLE = Automatic;
				DEVELOPMENT_TEAM = US5UB6GPR7;
				INFOPLIST_FILE = GithubDemoApp/Info.plist;
				LD_RUNPATH_SEARCH_PATHS = (
					"$(inherited)",
					"@executable_path/Frameworks",
				);
				PRODUCT_BUNDLE_IDENTIFIER = Ahmed.GithubDemoApp;
				PRODUCT_NAME = "$(TARGET_NAME)";
				SWIFT_OBJC_BRIDGING_HEADER = "GithubDemoApp/GithubDemoApp-Bridging-Header.h";
				SWIFT_VERSION = 5.0;
				TARGETED_DEVICE_FAMILY = "1,2";
			};
			name = Release;
		};
		8C7D3EA3258186B700EC3259 /* Debug */ = {
			isa = XCBuildConfiguration;
			buildSettings = {
				ALWAYS_EMBED_SWIFT_STANDARD_LIBRARIES = YES;
				BUNDLE_LOADER = "$(TEST_HOST)";
				CODE_SIGN_STYLE = Automatic;
				DEVELOPMENT_TEAM = US5UB6GPR7;
				INFOPLIST_FILE = GithubDemoAppTests/Info.plist;
				IPHONEOS_DEPLOYMENT_TARGET = 14.2;
				LD_RUNPATH_SEARCH_PATHS = (
					"$(inherited)",
					"@executable_path/Frameworks",
					"@loader_path/Frameworks",
				);
				PRODUCT_BUNDLE_IDENTIFIER = Ahmed.GithubDemoAppTests;
				PRODUCT_NAME = "$(TARGET_NAME)";
				SWIFT_OBJC_BRIDGING_HEADER = "GithubDemoApp/GithubDemoApp-Bridging-Header.h";
				SWIFT_VERSION = 5.0;
				TARGETED_DEVICE_FAMILY = "1,2";
				TEST_HOST = "$(BUILT_PRODUCTS_DIR)/GithubDemoApp.app/GithubDemoApp";
			};
			name = Debug;
		};
		8C7D3EA4258186B700EC3259 /* Release */ = {
			isa = XCBuildConfiguration;
			buildSettings = {
				ALWAYS_EMBED_SWIFT_STANDARD_LIBRARIES = YES;
				BUNDLE_LOADER = "$(TEST_HOST)";
				CODE_SIGN_STYLE = Automatic;
				DEVELOPMENT_TEAM = US5UB6GPR7;
				INFOPLIST_FILE = GithubDemoAppTests/Info.plist;
				IPHONEOS_DEPLOYMENT_TARGET = 14.2;
				LD_RUNPATH_SEARCH_PATHS = (
					"$(inherited)",
					"@executable_path/Frameworks",
					"@loader_path/Frameworks",
				);
				PRODUCT_BUNDLE_IDENTIFIER = Ahmed.GithubDemoAppTests;
				PRODUCT_NAME = "$(TARGET_NAME)";
				SWIFT_OBJC_BRIDGING_HEADER = "GithubDemoApp/GithubDemoApp-Bridging-Header.h";
				SWIFT_VERSION = 5.0;
				TARGETED_DEVICE_FAMILY = "1,2";
				TEST_HOST = "$(BUILT_PRODUCTS_DIR)/GithubDemoApp.app/GithubDemoApp";
			};
			name = Release;
		};
		8C7D3EA6258186B700EC3259 /* Debug */ = {
			isa = XCBuildConfiguration;
			buildSettings = {
				ALWAYS_EMBED_SWIFT_STANDARD_LIBRARIES = YES;
				CODE_SIGN_STYLE = Automatic;
				DEVELOPMENT_TEAM = US5UB6GPR7;
				INFOPLIST_FILE = GithubDemoAppUITests/Info.plist;
				LD_RUNPATH_SEARCH_PATHS = (
					"$(inherited)",
					"@executable_path/Frameworks",
					"@loader_path/Frameworks",
				);
				PRODUCT_BUNDLE_IDENTIFIER = Ahmed.GithubDemoAppUITests;
				PRODUCT_NAME = "$(TARGET_NAME)";
				SWIFT_VERSION = 5.0;
				TARGETED_DEVICE_FAMILY = "1,2";
				TEST_TARGET_NAME = GithubDemoApp;
			};
			name = Debug;
		};
		8C7D3EA7258186B700EC3259 /* Release */ = {
			isa = XCBuildConfiguration;
			buildSettings = {
				ALWAYS_EMBED_SWIFT_STANDARD_LIBRARIES = YES;
				CODE_SIGN_STYLE = Automatic;
				DEVELOPMENT_TEAM = US5UB6GPR7;
				INFOPLIST_FILE = GithubDemoAppUITests/Info.plist;
				LD_RUNPATH_SEARCH_PATHS = (
					"$(inherited)",
					"@executable_path/Frameworks",
					"@loader_path/Frameworks",
				);
				PRODUCT_BUNDLE_IDENTIFIER = Ahmed.GithubDemoAppUITests;
				PRODUCT_NAME = "$(TARGET_NAME)";
				SWIFT_VERSION = 5.0;
				TARGETED_DEVICE_FAMILY = "1,2";
				TEST_TARGET_NAME = GithubDemoApp;
			};
			name = Release;
		};
/* End XCBuildConfiguration section */

/* Begin XCConfigurationList section */
		8C7D3E70258186B100EC3259 /* Build configuration list for PBXProject "GithubDemoApp" */ = {
			isa = XCConfigurationList;
			buildConfigurations = (
				8C7D3E9D258186B700EC3259 /* Debug */,
				8C7D3E9E258186B700EC3259 /* Release */,
			);
			defaultConfigurationIsVisible = 0;
			defaultConfigurationName = Release;
		};
		8C7D3E9F258186B700EC3259 /* Build configuration list for PBXNativeTarget "GithubDemoApp" */ = {
			isa = XCConfigurationList;
			buildConfigurations = (
				8C7D3EA0258186B700EC3259 /* Debug */,
				8C7D3EA1258186B700EC3259 /* Release */,
			);
			defaultConfigurationIsVisible = 0;
			defaultConfigurationName = Release;
		};
		8C7D3EA2258186B700EC3259 /* Build configuration list for PBXNativeTarget "GithubDemoAppTests" */ = {
			isa = XCConfigurationList;
			buildConfigurations = (
				8C7D3EA3258186B700EC3259 /* Debug */,
				8C7D3EA4258186B700EC3259 /* Release */,
			);
			defaultConfigurationIsVisible = 0;
			defaultConfigurationName = Release;
		};
		8C7D3EA5258186B700EC3259 /* Build configuration list for PBXNativeTarget "GithubDemoAppUITests" */ = {
			isa = XCConfigurationList;
			buildConfigurations = (
				8C7D3EA6258186B700EC3259 /* Debug */,
				8C7D3EA7258186B700EC3259 /* Release */,
			);
			defaultConfigurationIsVisible = 0;
			defaultConfigurationName = Release;
		};
/* End XCConfigurationList section */
	};
	rootObject = 8C7D3E6D258186B100EC3259 /* Project object */;
}
